{
  "name": "api",
  "lockfileVersion": 3,
  "requires": true,
  "packages": {
    "": {
      "dependencies": {
        "hono": "^4.12.15"
      },
      "devDependencies": {
        "@cloudflare/workers-types": "^4.20260420.1",
        "typescript": "^6.0.3"
      }
    },
    "node_modules/@cloudflare/workers-types": {
      "version": "4.20260420.1",
      "resolved": "https://registry.npmjs.org/@cloudflare/workers-types/-/workers-types-4.20260420.1.tgz",
      "integrity": "sha512-DHT9JnSn9cIiCSdL76OxW+Xvc1+ml1CWzWvgVwreoHQ+E604aeFxPPHp9X7nE+XRWm2NH4l0OgtxUI5T/nuI3g==",
      "dev": true,
      "license": "MIT OR Apache-2.0"
    },
    "node_modules/hono": {
      "version": "4.12.15",
      "resolved": "https://registry.npmjs.org/hono/-/hono-4.12.15.tgz",
      "integrity": "sha512-qM0jDhFEaCBb4TxoW7f53Qrpv9RBiayUHo0S52JudprkhvpjIrGoU1mnnr29Fvd1U335ZFPZQY1wlkqgfGXyLg==",
      "license": "MIT",
      "engines": {
        "node": ">=16.9.0"
      }
    },
    "node_modules/typescript": {
      "version": "6.0.3",
      "resolved": "https://registry.npmjs.org/typescript/-/typescript-6.0.3.tgz",
      "integrity": "sha512-y2TvuxSZPDyQakkFRPZHKFm+KKVqIisdg9/CZwm9ftvKXLP8NRWj38/ODjNbr43SsoXqNuAisEf1GdCxqWcdBw==",
      "dev": true,
      "license": "Apache-2.0",
      "bin": {
        "tsc": "bin/tsc",
        "tsserver": "bin/tsserver"
      },
      "engines": {
        "node": ">=14.17"
      }
    }
  }
}
